// !$*UTF8*$!
{
	archiveVersion = 1;
	classes = {
	};
	objectVersion = 48;
	objects = {

/* Begin PBXBuildFile section */
		C02BD0641FCC6044009EA1B6 /* HomeController.swift in Sources */ = {isa = PBXBuildFile; fileRef = C02BD0631FCC6044009EA1B6 /* HomeController.swift */; };
		C02BD0671FCC643D009EA1B6 /* Video.swift in Sources */ = {isa = PBXBuildFile; fileRef = C02BD0661FCC643D009EA1B6 /* Video.swift */; };
		C05462EF1FCF163D005D9DF7 /* SettingLauncher.swift in Sources */ = {isa = PBXBuildFile; fileRef = C05462EE1FCF163D005D9DF7 /* SettingLauncher.swift */; };
		C0CC3A8A1FC88C9B0064BACF /* AppDelegate.swift in Sources */ = {isa = PBXBuildFile; fileRef = C0CC3A891FC88C9B0064BACF /* AppDelegate.swift */; };
		C0CC3A911FC88C9B0064BACF /* Assets.xcassets in Resources */ = {isa = PBXBuildFile; fileRef = C0CC3A901FC88C9B0064BACF /* Assets.xcassets */; };
		C0CC3A941FC88C9B0064BACF /* LaunchScreen.storyboard in Resources */ = {isa = PBXBuildFile; fileRef = C0CC3A921FC88C9B0064BACF /* LaunchScreen.storyboard */; };
		C0CC3A9F1FC88C9B0064BACF /* YoutubeTests.swift in Sources */ = {isa = PBXBuildFile; fileRef = C0CC3A9E1FC88C9B0064BACF /* YoutubeTests.swift */; };
		C0CC3AAA1FC88C9C0064BACF /* YoutubeUITests.swift in Sources */ = {isa = PBXBuildFile; fileRef = C0CC3AA91FC88C9C0064BACF /* YoutubeUITests.swift */; };
		C0CC3AB81FC88DA90064BACF /* Main.storyboard in Resources */ = {isa = PBXBuildFile; fileRef = C0CC3AB71FC88DA80064BACF /* Main.storyboard */; };
		C0CC3ABA1FC90C050064BACF /* Constent.swift in Sources */ = {isa = PBXBuildFile; fileRef = C0CC3AB91FC90C050064BACF /* Constent.swift */; };
		C0CC3ABC1FC9ED770064BACF /* Extensions.swift in Sources */ = {isa = PBXBuildFile; fileRef = C0CC3ABB1FC9ED770064BACF /* Extensions.swift */; };
		C0CC3ABF1FC9EF120064BACF /* VideoCell.swift in Sources */ = {isa = PBXBuildFile; fileRef = C0CC3ABE1FC9EF120064BACF /* VideoCell.swift */; };
		C0CC3AC41FCA05230064BACF /* MenuBar.swift in Sources */ = {isa = PBXBuildFile; fileRef = C0CC3AC31FCA05230064BACF /* MenuBar.swift */; };
		C0CC3AC61FCA39BA0064BACF /* BasicCell.swift in Sources */ = {isa = PBXBuildFile; fileRef = C0CC3AC51FCA39BA0064BACF /* BasicCell.swift */; };
/* End PBXBuildFile section */

/* Begin PBXContainerItemProxy section */
		C0CC3A9B1FC88C9B0064BACF /* PBXContainerItemProxy */ = {
			isa = PBXContainerItemProxy;
			containerPortal = C0CC3A7E1FC88C9B0064BACF /* Project object */;
			proxyType = 1;
			remoteGlobalIDString = C0CC3A851FC88C9B0064BACF;
			remoteInfo = Youtube;
		};
		C0CC3AA61FC88C9B0064BACF /* PBXContainerItemProxy */ = {
			isa = PBXContainerItemProxy;
			containerPortal = C0CC3A7E1FC88C9B0064BACF /* Project object */;
			proxyType = 1;
			remoteGlobalIDString = C0CC3A851FC88C9B0064BACF;
			remoteInfo = Youtube;
		};
/* End PBXContainerItemProxy section */

/* Begin PBXFileReference section */
		C02BD0631FCC6044009EA1B6 /* HomeController.swift */ = {isa = PBXFileReference; lastKnownFileType = sourcecode.swift; path = HomeController.swift; sourceTree = "<group>"; };
		C02BD0661FCC643D009EA1B6 /* Video.swift */ = {isa = PBXFileReference; lastKnownFileType = sourcecode.swift; path = Video.swift; sourceTree = "<group>"; };
		C05462EE1FCF163D005D9DF7 /* SettingLauncher.swift */ = {isa = PBXFileReference; lastKnownFileType = sourcecode.swift; path = SettingLauncher.swift; sourceTree = "<group>"; };
		C0CC3A861FC88C9B0064BACF /* Youtube.app */ = {isa = PBXFileReference; explicitFileType = wrapper.application; includeInIndex = 0; path = Youtube.app; sourceTree = BUILT_PRODUCTS_DIR; };
		C0CC3A891FC88C9B0064BACF /* AppDelegate.swift */ = {isa = PBXFileReference; lastKnownFileType = sourcecode.swift; path = AppDelegate.swift; sourceTree = "<group>"; };
		C0CC3A901FC88C9B0064BACF /* Assets.xcassets */ = {isa = PBXFileReference; lastKnownFileType = folder.assetcatalog; path = Assets.xcassets; sourceTree = "<group>"; };
		C0CC3A931FC88C9B0064BACF /* Base */ = {isa = PBXFileReference; lastKnownFileType = file.storyboard; name = Base; path = Base.lproj/LaunchScreen.storyboard; sourceTree = "<group>"; };
		C0CC3A951FC88C9B0064BACF /* Info.plist */ = {isa = PBXFileReference; lastKnownFileType = text.plist.xml; path = Info.plist; sourceTree = "<group>"; };
		C0CC3A9A1FC88C9B0064BACF /* YoutubeTests.xctest */ = {isa = PBXFileReference; explicitFileType = wrapper.cfbundle; includeInIndex = 0; path = YoutubeTests.xctest; sourceTree = BUILT_PRODUCTS_DIR; };
		C0CC3A9E1FC88C9B0064BACF /* YoutubeTests.swift */ = {isa = PBXFileReference; lastKnownFileType = sourcecode.swift; path = YoutubeTests.swift; sourceTree = "<group>"; };
		C0CC3AA01FC88C9B0064BACF /* Info.plist */ = {isa = PBXFileReference; lastKnownFileType = text.plist.xml; path = Info.plist; sourceTree = "<group>"; };
		C0CC3AA51FC88C9B0064BACF /* YoutubeUITests.xctest */ = {isa = PBXFileReference; explicitFileType = wrapper.cfbundle; includeInIndex = 0; path = YoutubeUITests.xctest; sourceTree = BUILT_PRODUCTS_DIR; };
		C0CC3AA91FC88C9C0064BACF /* YoutubeUITests.swift */ = {isa = PBXFileReference; lastKnownFileType = sourcecode.swift; path = YoutubeUITests.swift; sourceTree = "<group>"; };
		C0CC3AAB1FC88C9C0064BACF /* Info.plist */ = {isa = PBXFileReference; lastKnownFileType = text.plist.xml; path = Info.plist; sourceTree = "<group>"; };
		C0CC3AB71FC88DA80064BACF /* Main.storyboard */ = {isa = PBXFileReference; fileEncoding = 4; lastKnownFileType = file.storyboard; path = Main.storyboard; sourceTree = "<group>"; };
		C0CC3AB91FC90C050064BACF /* Constent.swift */ = {isa = PBXFileReference; lastKnownFileType = sourcecode.swift; path = Constent.swift; sourceTree = "<group>"; };
		C0CC3ABB1FC9ED770064BACF /* Extensions.swift */ = {isa = PBXFileReference; lastKnownFileType = sourcecode.swift; path = Extensions.swift; sourceTree = "<group>"; };
		C0CC3ABE1FC9EF120064BACF /* VideoCell.swift */ = {isa = PBXFileReference; lastKnownFileType = sourcecode.swift; path = VideoCell.swift; sourceTree = "<group>"; };
		C0CC3AC31FCA05230064BACF /* MenuBar.swift */ = {isa = PBXFileReference; lastKnownFileType = sourcecode.swift; path = MenuBar.swift; sourceTree = "<group>"; };
		C0CC3AC51FCA39BA0064BACF /* BasicCell.swift */ = {isa = PBXFileReference; lastKnownFileType = sourcecode.swift; path = BasicCell.swift; sourceTree = "<group>"; };
/* End PBXFileReference section */

/* Begin PBXFrameworksBuildPhase section */
		C0CC3A831FC88C9B0064BACF /* Frameworks */ = {
			isa = PBXFrameworksBuildPhase;
			buildActionMask = 2147483647;
			files = (
			);
			runOnlyForDeploymentPostprocessing = 0;
		};
		C0CC3A971FC88C9B0064BACF /* Frameworks */ = {
			isa = PBXFrameworksBuildPhase;
			buildActionMask = 2147483647;
			files = (
			);
			runOnlyForDeploymentPostprocessing = 0;
		};
		C0CC3AA21FC88C9B0064BACF /* Frameworks */ = {
			isa = PBXFrameworksBuildPhase;
			buildActionMask = 2147483647;
			files = (
			);
			runOnlyForDeploymentPostprocessing = 0;
		};
/* End PBXFrameworksBuildPhase section */

/* Begin PBXGroup section */
		C02BD0651FCC642B009EA1B6 /* Model */ = {
			isa = PBXGroup;
			children = (
				C02BD0661FCC643D009EA1B6 /* Video.swift */,
			);
			path = Model;
			sourceTree = "<group>";
		};
		C0CC3A7D1FC88C9B0064BACF = {
			isa = PBXGroup;
			children = (
				C0CC3A881FC88C9B0064BACF /* Youtube */,
				C0CC3A9D1FC88C9B0064BACF /* YoutubeTests */,
				C0CC3AA81FC88C9C0064BACF /* YoutubeUITests */,
				C0CC3A871FC88C9B0064BACF /* Products */,
			);
			sourceTree = "<group>";
		};
		C0CC3A871FC88C9B0064BACF /* Products */ = {
			isa = PBXGroup;
			children = (
				C0CC3A861FC88C9B0064BACF /* Youtube.app */,
				C0CC3A9A1FC88C9B0064BACF /* YoutubeTests.xctest */,
				C0CC3AA51FC88C9B0064BACF /* YoutubeUITests.xctest */,
			);
			name = Products;
			sourceTree = "<group>";
		};
		C0CC3A881FC88C9B0064BACF /* Youtube */ = {
			isa = PBXGroup;
			children = (
				C0CC3ABD1FC9ED7C0064BACF /* Helper */,
				C02BD0651FCC642B009EA1B6 /* Model */,
				C0CC3A891FC88C9B0064BACF /* AppDelegate.swift */,
				C0CC3AC11FC9EFF30064BACF /* Controller */,
				C0CC3AC01FC9EFEB0064BACF /* View */,
				C0CC3AB71FC88DA80064BACF /* Main.storyboard */,
				C0CC3A951FC88C9B0064BACF /* Info.plist */,
				C0CC3AC21FC9F0070064BACF /* SupportingFile */,
			);
			path = Youtube;
			sourceTree = "<group>";
		};
		C0CC3A9D1FC88C9B0064BACF /* YoutubeTests */ = {
			isa = PBXGroup;
			children = (
				C0CC3A9E1FC88C9B0064BACF /* YoutubeTests.swift */,
				C0CC3AA01FC88C9B0064BACF /* Info.plist */,
			);
			path = YoutubeTests;
			sourceTree = "<group>";
		};
		C0CC3AA81FC88C9C0064BACF /* YoutubeUITests */ = {
			isa = PBXGroup;
			children = (
				C0CC3AA91FC88C9C0064BACF /* YoutubeUITests.swift */,
				C0CC3AAB1FC88C9C0064BACF /* Info.plist */,
			);
			path = YoutubeUITests;
			sourceTree = "<group>";
		};
		C0CC3ABD1FC9ED7C0064BACF /* Helper */ = {
			isa = PBXGroup;
			children = (
				C0CC3AB91FC90C050064BACF /* Constent.swift */,
				C0CC3ABB1FC9ED770064BACF /* Extensions.swift */,
			);
			path = Helper;
			sourceTree = "<group>";
		};
		C0CC3AC01FC9EFEB0064BACF /* View */ = {
			isa = PBXGroup;
			children = (
				C0CC3AC51FCA39BA0064BACF /* BasicCell.swift */,
				C0CC3ABE1FC9EF120064BACF /* VideoCell.swift */,
				C0CC3AC31FCA05230064BACF /* MenuBar.swift */,
			);
			path = View;
			sourceTree = "<group>";
		};
		C0CC3AC11FC9EFF30064BACF /* Controller */ = {
			isa = PBXGroup;
			children = (
				C02BD0631FCC6044009EA1B6 /* HomeController.swift */,
				C05462EE1FCF163D005D9DF7 /* SettingLauncher.swift */,
			);
			path = Controller;
			sourceTree = "<group>";
		};
		C0CC3AC21FC9F0070064BACF /* SupportingFile */ = {
			isa = PBXGroup;
			children = (
				C0CC3A901FC88C9B0064BACF /* Assets.xcassets */,
				C0CC3A921FC88C9B0064BACF /* LaunchScreen.storyboard */,
			);
			path = SupportingFile;
			sourceTree = "<group>";
		};
/* End PBXGroup section */

/* Begin PBXNativeTarget section */
		C0CC3A851FC88C9B0064BACF /* Youtube */ = {
			isa = PBXNativeTarget;
			buildConfigurationList = C0CC3AAE1FC88C9C0064BACF /* Build configuration list for PBXNativeTarget "Youtube" */;
			buildPhases = (
				C0CC3A821FC88C9B0064BACF /* Sources */,
				C0CC3A831FC88C9B0064BACF /* Frameworks */,
				C0CC3A841FC88C9B0064BACF /* Resources */,
			);
			buildRules = (
			);
			dependencies = (
			);
			name = Youtube;
			productName = Youtube;
			productReference = C0CC3A861FC88C9B0064BACF /* Youtube.app */;
			productType = "com.apple.product-type.application";
		};
		C0CC3A991FC88C9B0064BACF /* YoutubeTests */ = {
			isa = PBXNativeTarget;
			buildConfigurationList = C0CC3AB11FC88C9C0064BACF /* Build configuration list for PBXNativeTarget "YoutubeTests" */;
			buildPhases = (
				C0CC3A961FC88C9B0064BACF /* Sources */,
				C0CC3A971FC88C9B0064BACF /* Frameworks */,
				C0CC3A981FC88C9B0064BACF /* Resources */,
			);
			buildRules = (
			);
			dependencies = (
				C0CC3A9C1FC88C9B0064BACF /* PBXTargetDependency */,
			);
			name = YoutubeTests;
			productName = YoutubeTests;
			productReference = C0CC3A9A1FC88C9B0064BACF /* YoutubeTests.xctest */;
			productType = "com.apple.product-type.bundle.unit-test";
		};
		C0CC3AA41FC88C9B0064BACF /* YoutubeUITests */ = {
			isa = PBXNativeTarget;
			buildConfigurationList = C0CC3AB41FC88C9C0064BACF /* Build configuration list for PBXNativeTarget "YoutubeUITests" */;
			buildPhases = (
				C0CC3AA11FC88C9B0064BACF /* Sources */,
				C0CC3AA21FC88C9B0064BACF /* Frameworks */,
				C0CC3AA31FC88C9B0064BACF /* Resources */,
			);
			buildRules = (
			);
			dependencies = (
				C0CC3AA71FC88C9B0064BACF /* PBXTargetDependency */,
			);
			name = YoutubeUITests;
			productName = YoutubeUITests;
			productReference = C0CC3AA51FC88C9B0064BACF /* YoutubeUITests.xctest */;
			productType = "com.apple.product-type.bundle.ui-testing";
		};
/* End PBXNativeTarget section */

/* Begin PBXProject section */
		C0CC3A7E1FC88C9B0064BACF /* Project object */ = {
			isa = PBXProject;
			attributes = {
				LastSwiftUpdateCheck = 0910;
				LastUpgradeCheck = 0910;
				ORGANIZATIONNAME = "辛忠翰";
				TargetAttributes = {
					C0CC3A851FC88C9B0064BACF = {
						CreatedOnToolsVersion = 9.1;
						ProvisioningStyle = Automatic;
					};
					C0CC3A991FC88C9B0064BACF = {
						CreatedOnToolsVersion = 9.1;
						ProvisioningStyle = Automatic;
						TestTargetID = C0CC3A851FC88C9B0064BACF;
					};
					C0CC3AA41FC88C9B0064BACF = {
						CreatedOnToolsVersion = 9.1;
						ProvisioningStyle = Automatic;
						TestTargetID = C0CC3A851FC88C9B0064BACF;
					};
				};
			};
			buildConfigurationList = C0CC3A811FC88C9B0064BACF /* Build configuration list for PBXProject "Youtube" */;
			compatibilityVersion = "Xcode 8.0";
			developmentRegion = en;
			hasScannedForEncodings = 0;
			knownRegions = (
				en,
				Base,
			);
			mainGroup = C0CC3A7D1FC88C9B0064BACF;
			productRefGroup = C0CC3A871FC88C9B0064BACF /* Products */;
			projectDirPath = "";
			projectRoot = "";
			targets = (
				C0CC3A851FC88C9B0064BACF /* Youtube */,
				C0CC3A991FC88C9B0064BACF /* YoutubeTests */,
				C0CC3AA41FC88C9B0064BACF /* YoutubeUITests */,
			);
		};
/* End PBXProject section */

/* Begin PBXResourcesBuildPhase section */
		C0CC3A841FC88C9B0064BACF /* Resources */ = {
			isa = PBXResourcesBuildPhase;
			buildActionMask = 2147483647;
			files = (
				C0CC3AB81FC88DA90064BACF /* Main.storyboard in Resources */,
				C0CC3A941FC88C9B0064BACF /* LaunchScreen.storyboard in Resources */,
				C0CC3A911FC88C9B0064BACF /* Assets.xcassets in Resources */,
			);
			runOnlyForDeploymentPostprocessing = 0;
		};
		C0CC3A981FC88C9B0064BACF /* Resources */ = {
			isa = PBXResourcesBuildPhase;
			buildActionMask = 2147483647;
			files = (
			);
			runOnlyForDeploymentPostprocessing = 0;
		};
		C0CC3AA31FC88C9B0064BACF /* Resources */ = {
			isa = PBXResourcesBuildPhase;
			buildActionMask = 2147483647;
			files = (
			);
			runOnlyForDeploymentPostprocessing = 0;
		};
/* End PBXResourcesBuildPhase section */

/* Begin PBXSourcesBuildPhase section */
		C0CC3A821FC88C9B0064BACF /* Sources */ = {
			isa = PBXSourcesBuildPhase;
			buildActionMask = 2147483647;
			files = (
				C0CC3ABF1FC9EF120064BACF /* VideoCell.swift in Sources */,
				C0CC3ABA1FC90C050064BACF /* Constent.swift in Sources */,
				C0CC3AC41FCA05230064BACF /* MenuBar.swift in Sources */,
				C02BD0641FCC6044009EA1B6 /* HomeController.swift in Sources */,
				C0CC3A8A1FC88C9B0064BACF /* AppDelegate.swift in Sources */,
				C02BD0671FCC643D009EA1B6 /* Video.swift in Sources */,
				C0CC3AC61FCA39BA0064BACF /* BasicCell.swift in Sources */,
				C05462EF1FCF163D005D9DF7 /* SettingLauncher.swift in Sources */,
				C0CC3ABC1FC9ED770064BACF /* Extensions.swift in Sources */,
			);
			runOnlyForDeploymentPostprocessing = 0;
		};
		C0CC3A961FC88C9B0064BACF /* Sources */ = {
			isa = PBXSourcesBuildPhase;
			buildActionMask = 2147483647;
			files = (
				C0CC3A9F1FC88C9B0064BACF /* YoutubeTests.swift in Sources */,
			);
			runOnlyForDeploymentPostprocessing = 0;
		};
		C0CC3AA11FC88C9B0064BACF /* Sources */ = {
			isa = PBXSourcesBuildPhase;
			buildActionMask = 2147483647;
			files = (
				C0CC3AAA1FC88C9C0064BACF /* YoutubeUITests.swift in Sources */,
			);
			runOnlyForDeploymentPostprocessing = 0;
		};
/* End PBXSourcesBuildPhase section */

/* Begin PBXTargetDependency section */
		C0CC3A9C1FC88C9B0064BACF /* PBXTargetDependency */ = {
			isa = PBXTargetDependency;
			target = C0CC3A851FC88C9B0064BACF /* Youtube */;
			targetProxy = C0CC3A9B1FC88C9B0064BACF /* PBXContainerItemProxy */;
		};
		C0CC3AA71FC88C9B0064BACF /* PBXTargetDependency */ = {
			isa = PBXTargetDependency;
			target = C0CC3A851FC88C9B0064BACF /* Youtube */;
			targetProxy = C0CC3AA61FC88C9B0064BACF /* PBXContainerItemProxy */;
		};
/* End PBXTargetDependency section */

/* Begin PBXVariantGroup section */
		C0CC3A921FC88C9B0064BACF /* LaunchScreen.storyboard */ = {
			isa = PBXVariantGroup;
			children = (
				C0CC3A931FC88C9B0064BACF /* Base */,
			);
			name = LaunchScreen.storyboard;
			sourceTree = "<group>";
		};
/* End PBXVariantGroup section */

/* Begin XCBuildConfiguration section */
		C0CC3AAC1FC88C9C0064BACF /* Debug */ = {
			isa = XCBuildConfiguration;
			buildSettings = {
				ALWAYS_SEARCH_USER_PATHS = NO;
				CLANG_ANALYZER_NONNULL = YES;
				CLANG_ANALYZER_NUMBER_OBJECT_CONVERSION = YES_AGGRESSIVE;
				CLANG_CXX_LANGUAGE_STANDARD = "gnu++14";
				CLANG_CXX_LIBRARY = "libc++";
				CLANG_ENABLE_MODULES = YES;
				CLANG_ENABLE_OBJC_ARC = YES;
				CLANG_WARN_BLOCK_CAPTURE_AUTORELEASING = YES;
				CLANG_WARN_BOOL_CONVERSION = YES;
				CLANG_WARN_COMMA = YES;
				CLANG_WARN_CONSTANT_CONVERSION = YES;
				CLANG_WARN_DIRECT_OBJC_ISA_USAGE = YES_ERROR;
				CLANG_WARN_DOCUMENTATION_COMMENTS = YES;
				CLANG_WARN_EMPTY_BODY = YES;
				CLANG_WARN_ENUM_CONVERSION = YES;
				CLANG_WARN_INFINITE_RECURSION = YES;
				CLANG_WARN_INT_CONVERSION = YES;
				CLANG_WARN_NON_LITERAL_NULL_CONVERSION = YES;
				CLANG_WARN_OBJC_LITERAL_CONVERSION = YES;
				CLANG_WARN_OBJC_ROOT_CLASS = YES_ERROR;
				CLANG_WARN_RANGE_LOOP_ANALYSIS = YES;
				CLANG_WARN_STRICT_PROTOTYPES = YES;
				CLANG_WARN_SUSPICIOUS_MOVE = YES;
				CLANG_WARN_UNGUARDED_AVAILABILITY = YES_AGGRESSIVE;
				CLANG_WARN_UNREACHABLE_CODE = YES;
				CLANG_WARN__DUPLICATE_METHOD_MATCH = YES;
				CODE_SIGN_IDENTITY = "iPhone Developer";
				COPY_PHASE_STRIP = NO;
				DEBUG_INFORMATION_FORMAT = dwarf;
				ENABLE_STRICT_OBJC_MSGSEND = YES;
				ENABLE_TESTABILITY = YES;
				GCC_C_LANGUAGE_STANDARD = gnu11;
				GCC_DYNAMIC_NO_PIC = NO;
				GCC_NO_COMMON_BLOCKS = YES;
				GCC_OPTIMIZATION_LEVEL = 0;
				GCC_PREPROCESSOR_DEFINITIONS = (
					"DEBUG=1",
					"$(inherited)",
				);
				GCC_WARN_64_TO_32_BIT_CONVERSION = YES;
				GCC_WARN_ABOUT_RETURN_TYPE = YES_ERROR;
				GCC_WARN_UNDECLARED_SELECTOR = YES;
				GCC_WARN_UNINITIALIZED_AUTOS = YES_AGGRESSIVE;
				GCC_WARN_UNUSED_FUNCTION = YES;
				GCC_WARN_UNUSED_VARIABLE = YES;
				IPHONEOS_DEPLOYMENT_TARGET = 11.1;
				MTL_ENABLE_DEBUG_INFO = YES;
				ONLY_ACTIVE_ARCH = YES;
				SDKROOT = iphoneos;
				SWIFT_ACTIVE_COMPILATION_CONDITIONS = DEBUG;
				SWIFT_OPTIMIZATION_LEVEL = "-Onone";
			};
			name = Debug;
		};
		C0CC3AAD1FC88C9C0064BACF /* Release */ = {
			isa = XCBuildConfiguration;
			buildSettings = {
				ALWAYS_SEARCH_USER_PATHS = NO;
				CLANG_ANALYZER_NONNULL = YES;
				CLANG_ANALYZER_NUMBER_OBJECT_CONVERSION = YES_AGGRESSIVE;
				CLANG_CXX_LANGUAGE_STANDARD = "gnu++14";
				CLANG_CXX_LIBRARY = "libc++";
				CLANG_ENABLE_MODULES = YES;
				CLANG_ENABLE_OBJC_ARC = YES;
				CLANG_WARN_BLOCK_CAPTURE_AUTORELEASING = YES;
				CLANG_WARN_BOOL_CONVERSION = YES;
				CLANG_WARN_COMMA = YES;
				CLANG_WARN_CONSTANT_CONVERSION = YES;
				CLANG_WARN_DIRECT_OBJC_ISA_USAGE = YES_ERROR;
				CLANG_WARN_DOCUMENTATION_COMMENTS = YES;
				CLANG_WARN_EMPTY_BODY = YES;
				CLANG_WARN_ENUM_CONVERSION = YES;
				CLANG_WARN_INFINITE_RECURSION = YES;
				CLANG_WARN_INT_CONVERSION = YES;
				CLANG_WARN_NON_LITERAL_NULL_CONVERSION = YES;
				CLANG_WARN_OBJC_LITERAL_CONVERSION = YES;
				CLANG_WARN_OBJC_ROOT_CLASS = YES_ERROR;
				CLANG_WARN_RANGE_LOOP_ANALYSIS = YES;
				CLANG_WARN_STRICT_PROTOTYPES = YES;
				CLANG_WARN_SUSPICIOUS_MOVE = YES;
				CLANG_WARN_UNGUARDED_AVAILABILITY = YES_AGGRESSIVE;
				CLANG_WARN_UNREACHABLE_CODE = YES;
				CLANG_WARN__DUPLICATE_METHOD_MATCH = YES;
				CODE_SIGN_IDENTITY = "iPhone Developer";
				COPY_PHASE_STRIP = NO;
				DEBUG_INFORMATION_FORMAT = "dwarf-with-dsym";
				ENABLE_NS_ASSERTIONS = NO;
				ENABLE_STRICT_OBJC_MSGSEND = YES;
				GCC_C_LANGUAGE_STANDARD = gnu11;
				GCC_NO_COMMON_BLOCKS = YES;
				GCC_WARN_64_TO_32_BIT_CONVERSION = YES;
				GCC_WARN_ABOUT_RETURN_TYPE = YES_ERROR;
				GCC_WARN_UNDECLARED_SELECTOR = YES;
				GCC_WARN_UNINITIALIZED_AUTOS = YES_AGGRESSIVE;
				GCC_WARN_UNUSED_FUNCTION = YES;
				GCC_WARN_UNUSED_VARIABLE = YES;
				IPHONEOS_DEPLOYMENT_TARGET = 11.1;
				MTL_ENABLE_DEBUG_INFO = NO;
				SDKROOT = iphoneos;
				SWIFT_OPTIMIZATION_LEVEL = "-Owholemodule";
				VALIDATE_PRODUCT = YES;
			};
			name = Release;
		};
		C0CC3AAF1FC88C9C0064BACF /* Debug */ = {
			isa = XCBuildConfiguration;
			buildSettings = {
				ASSETCATALOG_COMPILER_APPICON_NAME = AppIcon;
				CODE_SIGN_STYLE = Automatic;
				INFOPLIST_FILE = Youtube/Info.plist;
				LD_RUNPATH_SEARCH_PATHS = "$(inherited) @executable_path/Frameworks";
				PRODUCT_BUNDLE_IDENTIFIER = coolApp.com.Youtube;
				PRODUCT_NAME = "$(TARGET_NAME)";
				SWIFT_VERSION = 4.0;
				TARGETED_DEVICE_FAMILY = "1,2";
			};
			name = Debug;
		};
		C0CC3AB01FC88C9C0064BACF /* Release */ = {
			isa = XCBuildConfiguration;
			buildSettings = {
				ASSETCATALOG_COMPILER_APPICON_NAME = AppIcon;
				CODE_SIGN_STYLE = Automatic;
				INFOPLIST_FILE = Youtube/Info.plist;
				LD_RUNPATH_SEARCH_PATHS = "$(inherited) @executable_path/Frameworks";
				PRODUCT_BUNDLE_IDENTIFIER = coolApp.com.Youtube;
				PRODUCT_NAME = "$(TARGET_NAME)";
				SWIFT_VERSION = 4.0;
				TARGETED_DEVICE_FAMILY = "1,2";
			};
			name = Release;
		};
		C0CC3AB21FC88C9C0064BACF /* Debug */ = {
			isa = XCBuildConfiguration;
			buildSettings = {
				ALWAYS_EMBED_SWIFT_STANDARD_LIBRARIES = YES;
				BUNDLE_LOADER = "$(TEST_HOST)";
				CODE_SIGN_STYLE = Automatic;
				INFOPLIST_FILE = YoutubeTests/Info.plist;
				LD_RUNPATH_SEARCH_PATHS = "$(inherited) @executable_path/Frameworks @loader_path/Frameworks";
				PRODUCT_BUNDLE_IDENTIFIER = coolApp.com.YoutubeTests;
				PRODUCT_NAME = "$(TARGET_NAME)";
				SWIFT_VERSION = 4.0;
				TARGETED_DEVICE_FAMILY = "1,2";
				TEST_HOST = "$(BUILT_PRODUCTS_DIR)/Youtube.app/Youtube";
			};
			name = Debug;
		};
		C0CC3AB31FC88C9C0064BACF /* Release */ = {
			isa = XCBuildConfiguration;
			buildSettings = {
				ALWAYS_EMBED_SWIFT_STANDARD_LIBRARIES = YES;
				BUNDLE_LOADER = "$(TEST_HOST)";
				CODE_SIGN_STYLE = Automatic;
				INFOPLIST_FILE = YoutubeTests/Info.plist;
				LD_RUNPATH_SEARCH_PATHS = "$(inherited) @executable_path/Frameworks @loader_path/Frameworks";
				PRODUCT_BUNDLE_IDENTIFIER = coolApp.com.YoutubeTests;
				PRODUCT_NAME = "$(TARGET_NAME)";
				SWIFT_VERSION = 4.0;
				TARGETED_DEVICE_FAMILY = "1,2";
				TEST_HOST = "$(BUILT_PRODUCTS_DIR)/Youtube.app/Youtube";
			};
			name = Release;
		};
		C0CC3AB51FC88C9C0064BACF /* Debug */ = {
			isa = XCBuildConfiguration;
			buildSettings = {
				ALWAYS_EMBED_SWIFT_STANDARD_LIBRARIES = YES;
				CODE_SIGN_STYLE = Automatic;
				INFOPLIST_FILE = YoutubeUITests/Info.plist;
				LD_RUNPATH_SEARCH_PATHS = "$(inherited) @executable_path/Frameworks @loader_path/Frameworks";
				PRODUCT_BUNDLE_IDENTIFIER = coolApp.com.YoutubeUITests;
				PRODUCT_NAME = "$(TARGET_NAME)";
				SWIFT_VERSION = 4.0;
				TARGETED_DEVICE_FAMILY = "1,2";
				TEST_TARGET_NAME = Youtube;
			};
			name = Debug;
		};
		C0CC3AB61FC88C9C0064BACF /* Release */ = {
			isa = XCBuildConfiguration;
			buildSettings = {
				ALWAYS_EMBED_SWIFT_STANDARD_LIBRARIES = YES;
				CODE_SIGN_STYLE = Automatic;
				INFOPLIST_FILE = YoutubeUITests/Info.plist;
				LD_RUNPATH_SEARCH_PATHS = "$(inherited) @executable_path/Frameworks @loader_path/Frameworks";
				PRODUCT_BUNDLE_IDENTIFIER = coolApp.com.YoutubeUITests;
				PRODUCT_NAME = "$(TARGET_NAME)";
				SWIFT_VERSION = 4.0;
				TARGETED_DEVICE_FAMILY = "1,2";
				TEST_TARGET_NAME = Youtube;
			};
			name = Release;
		};
/* End XCBuildConfiguration section */

/* Begin XCConfigurationList section */
		C0CC3A811FC88C9B0064BACF /* Build configuration list for PBXProject "Youtube" */ = {
			isa = XCConfigurationList;
			buildConfigurations = (
				C0CC3AAC1FC88C9C0064BACF /* Debug */,
				C0CC3AAD1FC88C9C0064BACF /* Release */,
			);
			defaultConfigurationIsVisible = 0;
			defaultConfigurationName = Release;
		};
		C0CC3AAE1FC88C9C0064BACF /* Build configuration list for PBXNativeTarget "Youtube" */ = {
			isa = XCConfigurationList;
			buildConfigurations = (
				C0CC3AAF1FC88C9C0064BACF /* Debug */,
				C0CC3AB01FC88C9C0064BACF /* Release */,
			);
			defaultConfigurationIsVisible = 0;
			defaultConfigurationName = Release;
		};
		C0CC3AB11FC88C9C0064BACF /* Build configuration list for PBXNativeTarget "YoutubeTests" */ = {
			isa = XCConfigurationList;
			buildConfigurations = (
				C0CC3AB21FC88C9C0064BACF /* Debug */,
				C0CC3AB31FC88C9C0064BACF /* Release */,
			);
			defaultConfigurationIsVisible = 0;
			defaultConfigurationName = Release;
		};
		C0CC3AB41FC88C9C0064BACF /* Build configuration list for PBXNativeTarget "YoutubeUITests" */ = {
			isa = XCConfigurationList;
			buildConfigurations = (
				C0CC3AB51FC88C9C0064BACF /* Debug */,
				C0CC3AB61FC88C9C0064BACF /* Release */,
			);
			defaultConfigurationIsVisible = 0;
			defaultConfigurationName = Release;
		};
/* End XCConfigurationList section */
	};
	rootObject = C0CC3A7E1FC88C9B0064BACF /* Project object */;
}
